
Microsoft Visual Studio Solution File, Format Version 12.00
# Visual Studio Version 17
VisualStudioVersion = 17.8.34330.188
MinimumVisualStudioVersion = 10.0.40219.1
Project("{8BC9CEB8-8B4A-11D0-8D11-00A0C91BC942}") = "practice", "practice\practice.vcxproj", "{3D0894A8-3DD7-496D-B19C-F1A4B0988263}"
EndProject
Project("{8BC9CEB8-8B4A-11D0-8D11-00A0C91BC942}") = "class1th", "class1th\class1th.vcxproj", "{40B77B11-AE8E-4900-9463-099FC72EF96F}"
EndProject
Project("{8BC9CEB8-8B4A-11D0-8D11-00A0C91BC942}") = "class2th", "class2th\class2th.vcxproj", "{0455DDC2-813E-4951-B8EE-A27718D0C7F3}"
EndProject
Project("{8BC9CEB8-8B4A-11D0-8D11-00A0C91BC942}") = "class3th", "class3th\class3th.vcxproj", "{7006927B-8ED6-4C4A-B7BB-1842F00290DC}"
EndProject
Project("{8BC9CEB8-8B4A-11D0-8D11-00A0C91BC942}") = "class4th", "class4th\class4th.vcxproj", "{8B213469-CB2B-4A8C-AFCC-C2160A32920D}"
EndProject
Project("{8BC9CEB8-8B4A-11D0-8D11-00A0C91BC942}") = "class5th", "class5th\class5th.vcxproj", "{8D531DF2-929A-4FCA-AC1E-B12427CE65F3}"
EndProject
Project("{8BC9CEB8-8B4A-11D0-8D11-00A0C91BC942}") = "class6th", "class6th\class6th.vcxproj", "{FCC37386-9B2D-491C-A197-57394B6723C5}"
EndProject
Project("{8BC9CEB8-8B4A-11D0-8D11-00A0C91BC942}") = "class7th", "class7th\class7th.vcxproj", "{C3CE724D-5A5F-4856-A881-DEC8090C4DB4}"
EndProject
Project("{8BC9CEB8-8B4A-11D0-8D11-00A0C91BC942}") = "class8th", "class8th\class8th.vcxproj", "{61B7D2F1-A7A2-4EF9-AC4E-A7F3105887C6}"
EndProject
Project("{8BC9CEB8-8B4A-11D0-8D11-00A0C91BC942}") = "class9th", "class9th\class9th.vcxproj", "{952521BB-CAC4-4AA1-90A7-3F5C092296AF}"
EndProject
Project("{8BC9CEB8-8B4A-11D0-8D11-00A0C91BC942}") = "class10th", "class10th\class10th.vcxproj", "{C0D15B5F-6A93-4B8B-98FE-2E7B149792CD}"
EndProject
Project("{8BC9CEB8-8B4A-11D0-8D11-00A0C91BC942}") = "class11th", "class11th\class11th.vcxproj", "{77CDA6F2-2F40-470C-B2BD-3CC121ADD451}"
EndProject
Project("{8BC9CEB8-8B4A-11D0-8D11-00A0C91BC942}") = "class12th", "class12th\class12th.vcxproj", "{634A61FF-A7CA-4C28-9F99-14BBF481A729}"
EndProject
Project("{8BC9CEB8-8B4A-11D0-8D11-00A0C91BC942}") = "class13th", "class13th\class13th.vcxproj", "{DA0AD4CA-EF8F-4E5E-9698-FB4F9BB83ADD}"
EndProject
Project("{8BC9CEB8-8B4A-11D0-8D11-00A0C91BC942}") = "class14th", "class14th\class14th.vcxproj", "{A5F30504-304F-4FBE-B357-1E1338DFBFB1}"
EndProject
Project("{8BC9CEB8-8B4A-11D0-8D11-00A0C91BC942}") = "class15th", "class15th\class15th.vcxproj", "{8278FEF4-5E58-4FA7-8004-4043E7A44742}"
EndProject
Project("{8BC9CEB8-8B4A-11D0-8D11-00A0C91BC942}") = "class16th", "class16th\class16th.vcxproj", "{6100A1AD-F6D2-46D3-A0A0-23E6751717C4}"
EndProject
Global
	GlobalSection(SolutionConfigurationPlatforms) = preSolution
		Debug|x64 = Debug|x64
		Debug|x86 = Debug|x86
		Release|x64 = Release|x64
		Release|x86 = Release|x86
	EndGlobalSection
	GlobalSection(ProjectConfigurationPlatforms) = postSolution
		{3D0894A8-3DD7-496D-B19C-F1A4B0988263}.Debug|x64.ActiveCfg = Debug|x64
		{3D0894A8-3DD7-496D-B19C-F1A4B0988263}.Debug|x64.Build.0 = Debug|x64
		{3D0894A8-3DD7-496D-B19C-F1A4B0988263}.Debug|x86.ActiveCfg = Debug|Win32
		{3D0894A8-3DD7-496D-B19C-F1A4B0988263}.Debug|x86.Build.0 = Debug|Win32
		{3D0894A8-3DD7-496D-B19C-F1A4B0988263}.Release|x64.ActiveCfg = Release|x64
		{3D0894A8-3DD7-496D-B19C-F1A4B0988263}.Release|x64.Build.0 = Release|x64
		{3D0894A8-3DD7-496D-B19C-F1A4B0988263}.Release|x86.ActiveCfg = Release|Win32
		{3D0894A8-3DD7-496D-B19C-F1A4B0988263}.Release|x86.Build.0 = Release|Win32
		{40B77B11-AE8E-4900-9463-099FC72EF96F}.Debug|x64.ActiveCfg = Debug|x64
		{40B77B11-AE8E-4900-9463-099FC72EF96F}.Debug|x64.Build.0 = Debug|x64
		{40B77B11-AE8E-4900-9463-099FC72EF96F}.Debug|x86.ActiveCfg = Debug|Win32
		{40B77B11-AE8E-4900-9463-099FC72EF96F}.Debug|x86.Build.0 = Debug|Win32
		{40B77B11-AE8E-4900-9463-099FC72EF96F}.Release|x64.ActiveCfg = Release|x64
		{40B77B11-AE8E-4900-9463-099FC72EF96F}.Release|x64.Build.0 = Release|x64
		{40B77B11-AE8E-4900-9463-099FC72EF96F}.Release|x86.ActiveCfg = Release|Win32
		{40B77B11-AE8E-4900-9463-099FC72EF96F}.Release|x86.Build.0 = Release|Win32
		{0455DDC2-813E-4951-B8EE-A27718D0C7F3}.Debug|x64.ActiveCfg = Debug|x64
		{0455DDC2-813E-4951-B8EE-A27718D0C7F3}.Debug|x64.Build.0 = Debug|x64
		{0455DDC2-813E-4951-B8EE-A27718D0C7F3}.Debug|x86.ActiveCfg = Debug|Win32
		{0455DDC2-813E-4951-B8EE-A27718D0C7F3}.Debug|x86.Build.0 = Debug|Win32
		{0455DDC2-813E-4951-B8EE-A27718D0C7F3}.Release|x64.ActiveCfg = Release|x64
		{0455DDC2-813E-4951-B8EE-A27718D0C7F3}.Release|x64.Build.0 = Release|x64
		{0455DDC2-813E-4951-B8EE-A27718D0C7F3}.Release|x86.ActiveCfg = Release|Win32
		{0455DDC2-813E-4951-B8EE-A27718D0C7F3}.Release|x86.Build.0 = Release|Win32
		{7006927B-8ED6-4C4A-B7BB-1842F00290DC}.Debug|x64.ActiveCfg = Debug|x64
		{7006927B-8ED6-4C4A-B7BB-1842F00290DC}.Debug|x64.Build.0 = Debug|x64
		{7006927B-8ED6-4C4A-B7BB-1842F00290DC}.Debug|x86.ActiveCfg = Debug|Win32
		{7006927B-8ED6-4C4A-B7BB-1842F00290DC}.Debug|x86.Build.0 = Debug|Win32
		{7006927B-8ED6-4C4A-B7BB-1842F00290DC}.Release|x64.ActiveCfg = Release|x64
		{7006927B-8ED6-4C4A-B7BB-1842F00290DC}.Release|x64.Build.0 = Release|x64
		{7006927B-8ED6-4C4A-B7BB-1842F00290DC}.Release|x86.ActiveCfg = Release|Win32
		{7006927B-8ED6-4C4A-B7BB-1842F00290DC}.Release|x86.Build.0 = Release|Win32
		{8B213469-CB2B-4A8C-AFCC-C2160A32920D}.Debug|x64.ActiveCfg = Debug|x64
		{8B213469-CB2B-4A8C-AFCC-C2160A32920D}.Debug|x64.Build.0 = Debug|x64
		{8B213469-CB2B-4A8C-AFCC-C2160A32920D}.Debug|x86.ActiveCfg = Debug|Win32
		{8B213469-CB2B-4A8C-AFCC-C2160A32920D}.Debug|x86.Build.0 = Debug|Win32
		{8B213469-CB2B-4A8C-AFCC-C2160A32920D}.Release|x64.ActiveCfg = Release|x64
		{8B213469-CB2B-4A8C-AFCC-C2160A32920D}.Release|x64.Build.0 = Release|x64
		{8B213469-CB2B-4A8C-AFCC-C2160A32920D}.Release|x86.ActiveCfg = Release|Win32
		{8B213469-CB2B-4A8C-AFCC-C2160A32920D}.Release|x86.Build.0 = Release|Win32
		{8D531DF2-929A-4FCA-AC1E-B12427CE65F3}.Debug|x64.ActiveCfg = Debug|x64
		{8D531DF2-929A-4FCA-AC1E-B12427CE65F3}.Debug|x64.Build.0 = Debug|x64
		{8D531DF2-929A-4FCA-AC1E-B12427CE65F3}.Debug|x86.ActiveCfg = Debug|Win32
		{8D531DF2-929A-4FCA-AC1E-B12427CE65F3}.Debug|x86.Build.0 = Debug|Win32
		{8D531DF2-929A-4FCA-AC1E-B12427CE65F3}.Release|x64.ActiveCfg = Release|x64
		{8D531DF2-929A-4FCA-AC1E-B12427CE65F3}.Release|x64.Build.0 = Release|x64
		{8D531DF2-929A-4FCA-AC1E-B12427CE65F3}.Release|x86.ActiveCfg = Release|Win32
		{8D531DF2-929A-4FCA-AC1E-B12427CE65F3}.Release|x86.Build.0 = Release|Win32
		{FCC37386-9B2D-491C-A197-57394B6723C5}.Debug|x64.ActiveCfg = Debug|x64
		{FCC37386-9B2D-491C-A197-57394B6723C5}.Debug|x64.Build.0 = Debug|x64
		{FCC37386-9B2D-491C-A197-57394B6723C5}.Debug|x86.ActiveCfg = Debug|Win32
		{FCC37386-9B2D-491C-A197-57394B6723C5}.Debug|x86.Build.0 = Debug|Win32
		{FCC37386-9B2D-491C-A197-57394B6723C5}.Release|x64.ActiveCfg = Release|x64
		{FCC37386-9B2D-491C-A197-57394B6723C5}.Release|x64.Build.0 = Release|x64
		{FCC37386-9B2D-491C-A197-57394B6723C5}.Release|x86.ActiveCfg = Release|Win32
		{FCC37386-9B2D-491C-A197-57394B6723C5}.Release|x86.Build.0 = Release|Win32
		{C3CE724D-5A5F-4856-A881-DEC8090C4DB4}.Debug|x64.ActiveCfg = Debug|x64
		{C3CE724D-5A5F-4856-A881-DEC8090C4DB4}.Debug|x64.Build.0 = Debug|x64
		{C3CE724D-5A5F-4856-A881-DEC8090C4DB4}.Debug|x86.ActiveCfg = Debug|Win32
		{C3CE724D-5A5F-4856-A881-DEC8090C4DB4}.Debug|x86.Build.0 = Debug|Win32
		{C3CE724D-5A5F-4856-A881-DEC8090C4DB4}.Release|x64.ActiveCfg = Release|x64
		{C3CE724D-5A5F-4856-A881-DEC8090C4DB4}.Release|x64.Build.0 = Release|x64
		{C3CE724D-5A5F-4856-A881-DEC8090C4DB4}.Release|x86.ActiveCfg = Release|Win32
		{C3CE724D-5A5F-4856-A881-DEC8090C4DB4}.Release|x86.Build.0 = Release|Win32
		{61B7D2F1-A7A2-4EF9-AC4E-A7F3105887C6}.Debug|x64.ActiveCfg = Debug|x64
		{61B7D2F1-A7A2-4EF9-AC4E-A7F3105887C6}.Debug|x64.Build.0 = Debug|x64
		{61B7D2F1-A7A2-4EF9-AC4E-A7F3105887C6}.Debug|x86.ActiveCfg = Debug|Win32
		{61B7D2F1-A7A2-4EF9-AC4E-A7F3105887C6}.Debug|x86.Build.0 = Debug|Win32
		{61B7D2F1-A7A2-4EF9-AC4E-A7F3105887C6}.Release|x64.ActiveCfg = Release|x64
		{61B7D2F1-A7A2-4EF9-AC4E-A7F3105887C6}.Release|x64.Build.0 = Release|x64
		{61B7D2F1-A7A2-4EF9-AC4E-A7F3105887C6}.Release|x86.ActiveCfg = Release|Win32
		{61B7D2F1-A7A2-4EF9-AC4E-A7F3105887C6}.Release|x86.Build.0 = Release|Win32
		{952521BB-CAC4-4AA1-90A7-3F5C092296AF}.Debug|x64.ActiveCfg = Debug|x64
		{952521BB-CAC4-4AA1-90A7-3F5C092296AF}.Debug|x64.Build.0 = Debug|x64
		{952521BB-CAC4-4AA1-90A7-3F5C092296AF}.Debug|x86.ActiveCfg = Debug|Win32
		{952521BB-CAC4-4AA1-90A7-3F5C092296AF}.Debug|x86.Build.0 = Debug|Win32
		{952521BB-CAC4-4AA1-90A7-3F5C092296AF}.Release|x64.ActiveCfg = Release|x64
		{952521BB-CAC4-4AA1-90A7-3F5C092296AF}.Release|x64.Build.0 = Release|x64
		{952521BB-CAC4-4AA1-90A7-3F5C092296AF}.Release|x86.ActiveCfg = Release|Win32
		{952521BB-CAC4-4AA1-90A7-3F5C092296AF}.Release|x86.Build.0 = Release|Win32
		{C0D15B5F-6A93-4B8B-98FE-2E7B149792CD}.Debug|x64.ActiveCfg = Debug|x64
		{C0D15B5F-6A93-4B8B-98FE-2E7B149792CD}.Debug|x64.Build.0 = Debug|x64
		{C0D15B5F-6A93-4B8B-98FE-2E7B149792CD}.Debug|x86.ActiveCfg = Debug|Win32
		{C0D15B5F-6A93-4B8B-98FE-2E7B149792CD}.Debug|x86.Build.0 = Debug|Win32
		{C0D15B5F-6A93-4B8B-98FE-2E7B149792CD}.Release|x64.ActiveCfg = Release|x64
		{C0D15B5F-6A93-4B8B-98FE-2E7B149792CD}.Release|x64.Build.0 = Release|x64
		{C0D15B5F-6A93-4B8B-98FE-2E7B149792CD}.Release|x86.ActiveCfg = Release|Win32
		{C0D15B5F-6A93-4B8B-98FE-2E7B149792CD}.Release|x86.Build.0 = Release|Win32
		{77CDA6F2-2F40-470C-B2BD-3CC121ADD451}.Debug|x64.ActiveCfg = Debug|x64
		{77CDA6F2-2F40-470C-B2BD-3CC121ADD451}.Debug|x64.Build.0 = Debug|x64
		{77CDA6F2-2F40-470C-B2BD-3CC121ADD451}.Debug|x86.ActiveCfg = Debug|Win32
		{77CDA6F2-2F40-470C-B2BD-3CC121ADD451}.Debug|x86.Build.0 = Debug|Win32
		{77CDA6F2-2F40-470C-B2BD-3CC121ADD451}.Release|x64.ActiveCfg = Release|x64
		{77CDA6F2-2F40-470C-B2BD-3CC121ADD451}.Release|x64.Build.0 = Release|x64
		{77CDA6F2-2F40-470C-B2BD-3CC121ADD451}.Release|x86.ActiveCfg = Release|Win32
		{77CDA6F2-2F40-470C-B2BD-3CC121ADD451}.Release|x86.Build.0 = Release|Win32
		{634A61FF-A7CA-4C28-9F99-14BBF481A729}.Debug|x64.ActiveCfg = Debug|x64
		{634A61FF-A7CA-4C28-9F99-14BBF481A729}.Debug|x64.Build.0 = Debug|x64
		{634A61FF-A7CA-4C28-9F99-14BBF481A729}.Debug|x86.ActiveCfg = Debug|Win32
		{634A61FF-A7CA-4C28-9F99-14BBF481A729}.Debug|x86.Build.0 = Debug|Win32
		{634A61FF-A7CA-4C28-9F99-14BBF481A729}.Release|x64.ActiveCfg = Release|x64
		{634A61FF-A7CA-4C28-9F99-14BBF481A729}.Release|x64.Build.0 = Release|x64
		{634A61FF-A7CA-4C28-9F99-14BBF481A729}.Release|x86.ActiveCfg = Release|Win32
		{634A61FF-A7CA-4C28-9F99-14BBF481A729}.Release|x86.Build.0 = Release|Win32
		{DA0AD4CA-EF8F-4E5E-9698-FB4F9BB83ADD}.Debug|x64.ActiveCfg = Debug|x64
		{DA0AD4CA-EF8F-4E5E-9698-FB4F9BB83ADD}.Debug|x64.Build.0 = Debug|x64
		{DA0AD4CA-EF8F-4E5E-9698-FB4F9BB83ADD}.Debug|x86.ActiveCfg = Debug|Win32
		{DA0AD4CA-EF8F-4E5E-9698-FB4F9BB83ADD}.Debug|x86.Build.0 = Debug|Win32
		{DA0AD4CA-EF8F-4E5E-9698-FB4F9BB83ADD}.Release|x64.ActiveCfg = Release|x64
		{DA0AD4CA-EF8F-4E5E-9698-FB4F9BB83ADD}.Release|x64.Build.0 = Release|x64
		{DA0AD4CA-EF8F-4E5E-9698-FB4F9BB83ADD}.Release|x86.ActiveCfg = Release|Win32
		{DA0AD4CA-EF8F-4E5E-9698-FB4F9BB83ADD}.Release|x86.Build.0 = Release|Win32
		{A5F30504-304F-4FBE-B357-1E1338DFBFB1}.Debug|x64.ActiveCfg = Debug|x64
		{A5F30504-304F-4FBE-B357-1E1338DFBFB1}.Debug|x64.Build.0 = Debug|x64
		{A5F30504-304F-4FBE-B357-1E1338DFBFB1}.Debug|x86.ActiveCfg = Debug|Win32
		{A5F30504-304F-4FBE-B357-1E1338DFBFB1}.Debug|x86.Build.0 = Debug|Win32
		{A5F30504-304F-4FBE-B357-1E1338DFBFB1}.Release|x64.ActiveCfg = Release|x64
		{A5F30504-304F-4FBE-B357-1E1338DFBFB1}.Release|x64.Build.0 = Release|x64
		{A5F30504-304F-4FBE-B357-1E1338DFBFB1}.Release|x86.ActiveCfg = Release|Win32
		{A5F30504-304F-4FBE-B357-1E1338DFBFB1}.Release|x86.Build.0 = Release|Win32
		{8278FEF4-5E58-4FA7-8004-4043E7A44742}.Debug|x64.ActiveCfg = Debug|x64
		{8278FEF4-5E58-4FA7-8004-4043E7A44742}.Debug|x64.Build.0 = Debug|x64
		{8278FEF4-5E58-4FA7-8004-4043E7A44742}.Debug|x86.ActiveCfg = Debug|Win32
		{8278FEF4-5E58-4FA7-8004-4043E7A44742}.Debug|x86.Build.0 = Debug|Win32
		{8278FEF4-5E58-4FA7-8004-4043E7A44742}.Release|x64.ActiveCfg = Release|x64
		{8278FEF4-5E58-4FA7-8004-4043E7A44742}.Release|x64.Build.0 = Release|x64
		{8278FEF4-5E58-4FA7-8004-4043E7A44742}.Release|x86.ActiveCfg = Release|Win32
		{8278FEF4-5E58-4FA7-8004-4043E7A44742}.Release|x86.Build.0 = Release|Win32
		{6100A1AD-F6D2-46D3-A0A0-23E6751717C4}.Debug|x64.ActiveCfg = Debug|x64
		{6100A1AD-F6D2-46D3-A0A0-23E6751717C4}.Debug|x64.Build.0 = Debug|x64
		{6100A1AD-F6D2-46D3-A0A0-23E6751717C4}.Debug|x86.ActiveCfg = Debug|Win32
		{6100A1AD-F6D2-46D3-A0A0-23E6751717C4}.Debug|x86.Build.0 = Debug|Win32
		{6100A1AD-F6D2-46D3-A0A0-23E6751717C4}.Release|x64.ActiveCfg = Release|x64
		{6100A1AD-F6D2-46D3-A0A0-23E6751717C4}.Release|x64.Build.0 = Release|x64
		{6100A1AD-F6D2-46D3-A0A0-23E6751717C4}.Release|x86.ActiveCfg = Release|Win32
		{6100A1AD-F6D2-46D3-A0A0-23E6751717C4}.Release|x86.Build.0 = Release|Win32
	EndGlobalSection
	GlobalSection(SolutionProperties) = preSolution
		HideSolutionNode = FALSE
	EndGlobalSection
	GlobalSection(ExtensibilityGlobals) = postSolution
		SolutionGuid = {B917A7E9-BD11-4AB5-B1A3-35F21D1EC1C2}
	EndGlobalSection
EndGlobal
